// !$*UTF8*$!
{
	archiveVersion = 1;
	classes = {
	};
	objectVersion = 51;
	objects = {

/* Begin PBXBuildFile section */
		3B20E7A822BCCE7A0043C929 /* AppDelegate.swift in Sources */ = {isa = PBXBuildFile; fileRef = 3B20E7A722BCCE7A0043C929 /* AppDelegate.swift */; };
		3B20E7AD22BCCE7A0043C929 /* Main.storyboard in Resources */ = {isa = PBXBuildFile; fileRef = 3B20E7AB22BCCE7A0043C929 /* Main.storyboard */; };
		3B20E7AF22BCCE7B0043C929 /* Assets.xcassets in Resources */ = {isa = PBXBuildFile; fileRef = 3B20E7AE22BCCE7B0043C929 /* Assets.xcassets */; };
		3B20E7B222BCCE7B0043C929 /* LaunchScreen.storyboard in Resources */ = {isa = PBXBuildFile; fileRef = 3B20E7B022BCCE7B0043C929 /* LaunchScreen.storyboard */; };
		3B20E7BE22BCCF2C0043C929 /* View+Stroyboard.swift in Sources */ = {isa = PBXBuildFile; fileRef = 3B20E7BD22BCCF2C0043C929 /* View+Stroyboard.swift */; };
		3B20E7C022BCCFBE0043C929 /* UIStoryboard+Instantiate.swift in Sources */ = {isa = PBXBuildFile; fileRef = 3B20E7BF22BCCFBE0043C929 /* UIStoryboard+Instantiate.swift */; };
		3B3D77D322C7E04A00FA8871 /* CommonAlertViewController.swift in Sources */ = {isa = PBXBuildFile; fileRef = 3B3D77D222C7E04A00FA8871 /* CommonAlertViewController.swift */; };
		3B8E9A8A22C7682A00923678 /* Login.storyboard in Resources */ = {isa = PBXBuildFile; fileRef = 3B8E9A8922C7682A00923678 /* Login.storyboard */; };
		3BB6B75322C7B43400BB5156 /* LoginSignViewController.swift in Sources */ = {isa = PBXBuildFile; fileRef = 3BB6B75222C7B43400BB5156 /* LoginSignViewController.swift */; };
		3BE1C10622C7C5C2001BF37F /* LoginViewController.swift in Sources */ = {isa = PBXBuildFile; fileRef = 3BE1C10522C7C5C2001BF37F /* LoginViewController.swift */; };
		3BE1C10922C7CB4F001BF37F /* IssueCodeModel.swift in Sources */ = {isa = PBXBuildFile; fileRef = 3BE1C10822C7CB4F001BF37F /* IssueCodeModel.swift */; };
		3BE1C10B22C7CBAF001BF37F /* AuthCodeModel.swift in Sources */ = {isa = PBXBuildFile; fileRef = 3BE1C10A22C7CBAF001BF37F /* AuthCodeModel.swift */; };
		3BE1C10D22C7CF75001BF37F /* SignInAuthViewController.swift in Sources */ = {isa = PBXBuildFile; fileRef = 3BE1C10C22C7CF75001BF37F /* SignInAuthViewController.swift */; };
		6BB63B7856771D15AF046F81 /* Pods_Frienitto.framework in Frameworks */ = {isa = PBXBuildFile; fileRef = 69BB7998EDD0D9916086266E /* Pods_Frienitto.framework */; };
		B87F75A222C75521000176BB /* FrienttoService.swift in Sources */ = {isa = PBXBuildFile; fileRef = B87F75A122C75521000176BB /* FrienttoService.swift */; };
		B87F75A422C769C0000176BB /* FrienttoProvider.swift in Sources */ = {isa = PBXBuildFile; fileRef = B87F75A322C769C0000176BB /* FrienttoProvider.swift */; };
		B87F75B322C7B3AB000176BB /* Colors.xcassets in Resources */ = {isa = PBXBuildFile; fileRef = B87F75B222C7B3AB000176BB /* Colors.xcassets */; };
		B87F75B922C7BF0C000176BB /* RoomInside.storyboard in Resources */ = {isa = PBXBuildFile; fileRef = B87F75B822C7BF0C000176BB /* RoomInside.storyboard */; };
		B87F75BB22C7C2B2000176BB /* PeopleMatchViewController.swift in Sources */ = {isa = PBXBuildFile; fileRef = B87F75BA22C7C2B2000176BB /* PeopleMatchViewController.swift */; };
		B87F75BE22C7D469000176BB /* ProfileCell.swift in Sources */ = {isa = PBXBuildFile; fileRef = B87F75BD22C7D469000176BB /* ProfileCell.swift */; };
		B87F75C122C7DF2A000176BB /* CircleView.swift in Sources */ = {isa = PBXBuildFile; fileRef = B87F75C022C7DF2A000176BB /* CircleView.swift */; };
		B87F75C522C7EC66000176BB /* DimmedProfileViewController.swift in Sources */ = {isa = PBXBuildFile; fileRef = B87F75C422C7EC66000176BB /* DimmedProfileViewController.swift */; };
		B87F75C722C7F0A9000176BB /* User.swift in Sources */ = {isa = PBXBuildFile; fileRef = B87F75C622C7F0A9000176BB /* User.swift */; };
		B87F75CB22C8041D000176BB /* SignUpViewController.swift in Sources */ = {isa = PBXBuildFile; fileRef = B87F75CA22C8041D000176BB /* SignUpViewController.swift */; };
		B87F75CD22C80D81000176BB /* SignUpCompleteViewController.swift in Sources */ = {isa = PBXBuildFile; fileRef = B87F75CC22C80D81000176BB /* SignUpCompleteViewController.swift */; };
		B8C94E4A22D8272500E9B64A /* SignUpModel.swift in Sources */ = {isa = PBXBuildFile; fileRef = B8C94E4922D8272500E9B64A /* SignUpModel.swift */; };
		B8C94E4C22D82D5800E9B64A /* SignInModel.swift in Sources */ = {isa = PBXBuildFile; fileRef = B8C94E4B22D82D5800E9B64A /* SignInModel.swift */; };
		B8C94E5022D856A000E9B64A /* RoomEnterViewController.swift in Sources */ = {isa = PBXBuildFile; fileRef = B8C94E4F22D856A000E9B64A /* RoomEnterViewController.swift */; };
		B8C94E5322D8595000E9B64A /* JoinRoomModel.swift in Sources */ = {isa = PBXBuildFile; fileRef = B8C94E5222D8595000E9B64A /* JoinRoomModel.swift */; };
		D90DF01522C7FCB7001D4956 /* MainViewController.swift in Sources */ = {isa = PBXBuildFile; fileRef = D90DF01422C7FCB7001D4956 /* MainViewController.swift */; };
		D90DF01B22C7FCE8001D4956 /* MakeRoom.storyboard in Resources */ = {isa = PBXBuildFile; fileRef = D90DF01822C7FCE8001D4956 /* MakeRoom.storyboard */; };
		D90DF01C22C7FCE8001D4956 /* MakeRoomViewController.swift in Sources */ = {isa = PBXBuildFile; fileRef = D90DF01A22C7FCE8001D4956 /* MakeRoomViewController.swift */; };
		D90DF01E22C7FD4D001D4956 /* Assets.xcassets in Resources */ = {isa = PBXBuildFile; fileRef = D90DF01D22C7FD4D001D4956 /* Assets.xcassets */; };
		D9FF78E022D6E59B00AF6DC3 /* DaysButtonEnum.swift in Sources */ = {isa = PBXBuildFile; fileRef = D9FF78DF22D6E59B00AF6DC3 /* DaysButtonEnum.swift */; };
		D9FF78E222D6E5B500AF6DC3 /* MakeRoomFinishViewController.swift in Sources */ = {isa = PBXBuildFile; fileRef = D9FF78E122D6E5B500AF6DC3 /* MakeRoomFinishViewController.swift */; };
/* End PBXBuildFile section */

/* Begin PBXFileReference section */
		3B20E7A422BCCE7A0043C929 /* Frienitto.app */ = {isa = PBXFileReference; explicitFileType = wrapper.application; includeInIndex = 0; path = Frienitto.app; sourceTree = BUILT_PRODUCTS_DIR; };
		3B20E7A722BCCE7A0043C929 /* AppDelegate.swift */ = {isa = PBXFileReference; lastKnownFileType = sourcecode.swift; path = AppDelegate.swift; sourceTree = "<group>"; };
		3B20E7AC22BCCE7A0043C929 /* Base */ = {isa = PBXFileReference; lastKnownFileType = file.storyboard; name = Base; path = Base.lproj/Main.storyboard; sourceTree = "<group>"; };
		3B20E7AE22BCCE7B0043C929 /* Assets.xcassets */ = {isa = PBXFileReference; lastKnownFileType = folder.assetcatalog; path = Assets.xcassets; sourceTree = "<group>"; };
		3B20E7B122BCCE7B0043C929 /* Base */ = {isa = PBXFileReference; lastKnownFileType = file.storyboard; name = Base; path = Base.lproj/LaunchScreen.storyboard; sourceTree = "<group>"; };
		3B20E7B322BCCE7B0043C929 /* Info.plist */ = {isa = PBXFileReference; lastKnownFileType = text.plist.xml; path = Info.plist; sourceTree = "<group>"; };
		3B20E7BD22BCCF2C0043C929 /* View+Stroyboard.swift */ = {isa = PBXFileReference; lastKnownFileType = sourcecode.swift; path = "View+Stroyboard.swift"; sourceTree = "<group>"; };
		3B20E7BF22BCCFBE0043C929 /* UIStoryboard+Instantiate.swift */ = {isa = PBXFileReference; lastKnownFileType = sourcecode.swift; path = "UIStoryboard+Instantiate.swift"; sourceTree = "<group>"; };
		3B3D77D222C7E04A00FA8871 /* CommonAlertViewController.swift */ = {isa = PBXFileReference; lastKnownFileType = sourcecode.swift; path = CommonAlertViewController.swift; sourceTree = "<group>"; };
		3B8E9A8922C7682A00923678 /* Login.storyboard */ = {isa = PBXFileReference; lastKnownFileType = file.storyboard; path = Login.storyboard; sourceTree = "<group>"; };
		3BB6B75222C7B43400BB5156 /* LoginSignViewController.swift */ = {isa = PBXFileReference; lastKnownFileType = sourcecode.swift; path = LoginSignViewController.swift; sourceTree = "<group>"; };
		3BE1C10522C7C5C2001BF37F /* LoginViewController.swift */ = {isa = PBXFileReference; lastKnownFileType = sourcecode.swift; path = LoginViewController.swift; sourceTree = "<group>"; };
		3BE1C10822C7CB4F001BF37F /* IssueCodeModel.swift */ = {isa = PBXFileReference; lastKnownFileType = sourcecode.swift; path = IssueCodeModel.swift; sourceTree = "<group>"; };
		3BE1C10A22C7CBAF001BF37F /* AuthCodeModel.swift */ = {isa = PBXFileReference; lastKnownFileType = sourcecode.swift; path = AuthCodeModel.swift; sourceTree = "<group>"; };
		3BE1C10C22C7CF75001BF37F /* SignInAuthViewController.swift */ = {isa = PBXFileReference; lastKnownFileType = sourcecode.swift; path = SignInAuthViewController.swift; sourceTree = "<group>"; };
		459141520A9FDA0C60F96994 /* Pods-Frienitto.debug.xcconfig */ = {isa = PBXFileReference; includeInIndex = 1; lastKnownFileType = text.xcconfig; name = "Pods-Frienitto.debug.xcconfig"; path = "Target Support Files/Pods-Frienitto/Pods-Frienitto.debug.xcconfig"; sourceTree = "<group>"; };
		69BB7998EDD0D9916086266E /* Pods_Frienitto.framework */ = {isa = PBXFileReference; explicitFileType = wrapper.framework; includeInIndex = 0; path = Pods_Frienitto.framework; sourceTree = BUILT_PRODUCTS_DIR; };
		71173221788FACFDBC2541EA /* Pods-Frienitto.release.xcconfig */ = {isa = PBXFileReference; includeInIndex = 1; lastKnownFileType = text.xcconfig; name = "Pods-Frienitto.release.xcconfig"; path = "Target Support Files/Pods-Frienitto/Pods-Frienitto.release.xcconfig"; sourceTree = "<group>"; };
		B87F75A122C75521000176BB /* FrienttoService.swift */ = {isa = PBXFileReference; lastKnownFileType = sourcecode.swift; path = FrienttoService.swift; sourceTree = "<group>"; };
		B87F75A322C769C0000176BB /* FrienttoProvider.swift */ = {isa = PBXFileReference; lastKnownFileType = sourcecode.swift; path = FrienttoProvider.swift; sourceTree = "<group>"; };
		B87F75B222C7B3AB000176BB /* Colors.xcassets */ = {isa = PBXFileReference; lastKnownFileType = folder.assetcatalog; path = Colors.xcassets; sourceTree = "<group>"; };
		B87F75B822C7BF0C000176BB /* RoomInside.storyboard */ = {isa = PBXFileReference; lastKnownFileType = file.storyboard; path = RoomInside.storyboard; sourceTree = "<group>"; };
		B87F75BA22C7C2B2000176BB /* PeopleMatchViewController.swift */ = {isa = PBXFileReference; lastKnownFileType = sourcecode.swift; path = PeopleMatchViewController.swift; sourceTree = "<group>"; };
		B87F75BD22C7D469000176BB /* ProfileCell.swift */ = {isa = PBXFileReference; lastKnownFileType = sourcecode.swift; path = ProfileCell.swift; sourceTree = "<group>"; };
		B87F75C022C7DF2A000176BB /* CircleView.swift */ = {isa = PBXFileReference; lastKnownFileType = sourcecode.swift; path = CircleView.swift; sourceTree = "<group>"; };
		B87F75C422C7EC66000176BB /* DimmedProfileViewController.swift */ = {isa = PBXFileReference; lastKnownFileType = sourcecode.swift; path = DimmedProfileViewController.swift; sourceTree = "<group>"; };
		B87F75C622C7F0A9000176BB /* User.swift */ = {isa = PBXFileReference; lastKnownFileType = sourcecode.swift; path = User.swift; sourceTree = "<group>"; };
		B87F75CA22C8041D000176BB /* SignUpViewController.swift */ = {isa = PBXFileReference; lastKnownFileType = sourcecode.swift; path = SignUpViewController.swift; sourceTree = "<group>"; };
		B87F75CC22C80D81000176BB /* SignUpCompleteViewController.swift */ = {isa = PBXFileReference; lastKnownFileType = sourcecode.swift; path = SignUpCompleteViewController.swift; sourceTree = "<group>"; };
		B8C94E4922D8272500E9B64A /* SignUpModel.swift */ = {isa = PBXFileReference; lastKnownFileType = sourcecode.swift; path = SignUpModel.swift; sourceTree = "<group>"; };
		B8C94E4B22D82D5800E9B64A /* SignInModel.swift */ = {isa = PBXFileReference; lastKnownFileType = sourcecode.swift; path = SignInModel.swift; sourceTree = "<group>"; };
		B8C94E4F22D856A000E9B64A /* RoomEnterViewController.swift */ = {isa = PBXFileReference; lastKnownFileType = sourcecode.swift; path = RoomEnterViewController.swift; sourceTree = "<group>"; };
		B8C94E5222D8595000E9B64A /* JoinRoomModel.swift */ = {isa = PBXFileReference; lastKnownFileType = sourcecode.swift; path = JoinRoomModel.swift; sourceTree = "<group>"; };
		D90DF01422C7FCB7001D4956 /* MainViewController.swift */ = {isa = PBXFileReference; fileEncoding = 4; lastKnownFileType = sourcecode.swift; path = MainViewController.swift; sourceTree = "<group>"; };
		D90DF01822C7FCE8001D4956 /* MakeRoom.storyboard */ = {isa = PBXFileReference; fileEncoding = 4; lastKnownFileType = file.storyboard; path = MakeRoom.storyboard; sourceTree = "<group>"; };
		D90DF01A22C7FCE8001D4956 /* MakeRoomViewController.swift */ = {isa = PBXFileReference; fileEncoding = 4; lastKnownFileType = sourcecode.swift; path = MakeRoomViewController.swift; sourceTree = "<group>"; };
		D90DF01D22C7FD4D001D4956 /* Assets.xcassets */ = {isa = PBXFileReference; lastKnownFileType = folder.assetcatalog; name = Assets.xcassets; path = Frienitto/Assets.xcassets; sourceTree = "<group>"; };
		D9FF78DF22D6E59B00AF6DC3 /* DaysButtonEnum.swift */ = {isa = PBXFileReference; fileEncoding = 4; lastKnownFileType = sourcecode.swift; path = DaysButtonEnum.swift; sourceTree = "<group>"; };
		D9FF78E122D6E5B500AF6DC3 /* MakeRoomFinishViewController.swift */ = {isa = PBXFileReference; fileEncoding = 4; lastKnownFileType = sourcecode.swift; path = MakeRoomFinishViewController.swift; sourceTree = "<group>"; };
/* End PBXFileReference section */

/* Begin PBXFrameworksBuildPhase section */
		3B20E7A122BCCE7A0043C929 /* Frameworks */ = {
			isa = PBXFrameworksBuildPhase;
			buildActionMask = 2147483647;
			files = (
				6BB63B7856771D15AF046F81 /* Pods_Frienitto.framework in Frameworks */,
			);
			runOnlyForDeploymentPostprocessing = 0;
		};
/* End PBXFrameworksBuildPhase section */

/* Begin PBXGroup section */
		3B20E79B22BCCE7A0043C929 = {
			isa = PBXGroup;
			children = (
				3B20E7A622BCCE7A0043C929 /* Frienitto */,
				D90DF01D22C7FD4D001D4956 /* Assets.xcassets */,
				3B20E7A522BCCE7A0043C929 /* Products */,
				628F74C58366520EC03E43DC /* Pods */,
				9ACF15B2C97722DA8CC265C3 /* Frameworks */,
			);
			sourceTree = "<group>";
		};
		3B20E7A522BCCE7A0043C929 /* Products */ = {
			isa = PBXGroup;
			children = (
				3B20E7A422BCCE7A0043C929 /* Frienitto.app */,
			);
			name = Products;
			sourceTree = "<group>";
		};
		3B20E7A622BCCE7A0043C929 /* Frienitto */ = {
			isa = PBXGroup;
			children = (
				B87F75BF22C7DF0D000176BB /* Common */,
				3B20E7BC22BCCEF50043C929 /* Extensions */,
				3B20E7B922BCCEBD0043C929 /* Network */,
				3B20E7BA22BCCED40043C929 /* Models */,
				3B20E7BB22BCCEDC0043C929 /* Views */,
				B87F75B122C7B38E000176BB /* Resources */,
				3B20E7A722BCCE7A0043C929 /* AppDelegate.swift */,
				3B20E7B022BCCE7B0043C929 /* LaunchScreen.storyboard */,
			);
			path = Frienitto;
			sourceTree = "<group>";
		};
		3B20E7B922BCCEBD0043C929 /* Network */ = {
			isa = PBXGroup;
			children = (
				B87F75A122C75521000176BB /* FrienttoService.swift */,
				B87F75A322C769C0000176BB /* FrienttoProvider.swift */,
			);
			path = Network;
			sourceTree = "<group>";
		};
		3B20E7BA22BCCED40043C929 /* Models */ = {
			isa = PBXGroup;
			children = (
				3BE1C10722C7CB3A001BF37F /* LoginModels */,
				B87F75C622C7F0A9000176BB /* User.swift */,
				B8C94E5222D8595000E9B64A /* JoinRoomModel.swift */,
			);
			path = Models;
			sourceTree = "<group>";
		};
		3B20E7BB22BCCEDC0043C929 /* Views */ = {
			isa = PBXGroup;
			children = (
				3B3D77D122C7E03C00FA8871 /* Common */,
				B87F75B522C7BEC4000176BB /* RoomInside */,
				3B8E9A8622C767FB00923678 /* Login */,
				D90DF01622C7FCE7001D4956 /* RoomOwner */,
				3B20E7C122BCD0DD0043C929 /* Main */,
			);
			path = Views;
			sourceTree = "<group>";
		};
		3B20E7BC22BCCEF50043C929 /* Extensions */ = {
			isa = PBXGroup;
			children = (
				3B20E7BD22BCCF2C0043C929 /* View+Stroyboard.swift */,
				3B20E7BF22BCCFBE0043C929 /* UIStoryboard+Instantiate.swift */,
			);
			path = Extensions;
			sourceTree = "<group>";
		};
		3B20E7C122BCD0DD0043C929 /* Main */ = {
			isa = PBXGroup;
			children = (
				3B20E7C322BCD2AD0043C929 /* ViewController */,
				3B20E7C222BCD0E20043C929 /* Storyboard */,
			);
			path = Main;
			sourceTree = "<group>";
		};
		3B20E7C222BCD0E20043C929 /* Storyboard */ = {
			isa = PBXGroup;
			children = (
				3B20E7AB22BCCE7A0043C929 /* Main.storyboard */,
			);
			path = Storyboard;
			sourceTree = "<group>";
		};
		3B20E7C322BCD2AD0043C929 /* ViewController */ = {
			isa = PBXGroup;
			children = (
				D90DF01422C7FCB7001D4956 /* MainViewController.swift */,
			);
			path = ViewController;
			sourceTree = "<group>";
		};
		3B3D77D122C7E03C00FA8871 /* Common */ = {
			isa = PBXGroup;
			children = (
				3B3D77D222C7E04A00FA8871 /* CommonAlertViewController.swift */,
			);
			path = Common;
			sourceTree = "<group>";
		};
		3B8E9A8622C767FB00923678 /* Login */ = {
			isa = PBXGroup;
			children = (
				3B8E9A8722C7680F00923678 /* ViewController */,
				3B8E9A8822C7681500923678 /* Storyboard */,
			);
			path = Login;
			sourceTree = "<group>";
		};
		3B8E9A8722C7680F00923678 /* ViewController */ = {
			isa = PBXGroup;
			children = (
				3BB6B75222C7B43400BB5156 /* LoginSignViewController.swift */,
				3BE1C10522C7C5C2001BF37F /* LoginViewController.swift */,
				3BE1C10C22C7CF75001BF37F /* SignInAuthViewController.swift */,
				B87F75CA22C8041D000176BB /* SignUpViewController.swift */,
				B87F75CC22C80D81000176BB /* SignUpCompleteViewController.swift */,
			);
			path = ViewController;
			sourceTree = "<group>";
		};
		3B8E9A8822C7681500923678 /* Storyboard */ = {
			isa = PBXGroup;
			children = (
				3B8E9A8922C7682A00923678 /* Login.storyboard */,
			);
			path = Storyboard;
			sourceTree = "<group>";
		};
		3BE1C10722C7CB3A001BF37F /* LoginModels */ = {
			isa = PBXGroup;
			children = (
				3BE1C10822C7CB4F001BF37F /* IssueCodeModel.swift */,
				3BE1C10A22C7CBAF001BF37F /* AuthCodeModel.swift */,
				B8C94E4922D8272500E9B64A /* SignUpModel.swift */,
				B8C94E4B22D82D5800E9B64A /* SignInModel.swift */,
			);
			path = LoginModels;
			sourceTree = "<group>";
		};
		628F74C58366520EC03E43DC /* Pods */ = {
			isa = PBXGroup;
			children = (
				459141520A9FDA0C60F96994 /* Pods-Frienitto.debug.xcconfig */,
				71173221788FACFDBC2541EA /* Pods-Frienitto.release.xcconfig */,
			);
			path = Pods;
			sourceTree = "<group>";
		};
		9ACF15B2C97722DA8CC265C3 /* Frameworks */ = {
			isa = PBXGroup;
			children = (
				69BB7998EDD0D9916086266E /* Pods_Frienitto.framework */,
			);
			name = Frameworks;
			sourceTree = "<group>";
		};
		B87F75B122C7B38E000176BB /* Resources */ = {
			isa = PBXGroup;
			children = (
				3B20E7AE22BCCE7B0043C929 /* Assets.xcassets */,
				B87F75B222C7B3AB000176BB /* Colors.xcassets */,
				3B20E7B322BCCE7B0043C929 /* Info.plist */,
			);
			path = Resources;
			sourceTree = "<group>";
		};
		B87F75B522C7BEC4000176BB /* RoomInside */ = {
			isa = PBXGroup;
			children = (
				B87F75BC22C7D449000176BB /* View */,
				B87F75B622C7BED3000176BB /* ViewController */,
				B87F75B722C7BED9000176BB /* Storyboard */,
			);
			path = RoomInside;
			sourceTree = "<group>";
		};
		B87F75B622C7BED3000176BB /* ViewController */ = {
			isa = PBXGroup;
			children = (
				B87F75BA22C7C2B2000176BB /* PeopleMatchViewController.swift */,
				B87F75C422C7EC66000176BB /* DimmedProfileViewController.swift */,
				B8C94E4F22D856A000E9B64A /* RoomEnterViewController.swift */,
			);
			path = ViewController;
			sourceTree = "<group>";
		};
		B87F75B722C7BED9000176BB /* Storyboard */ = {
			isa = PBXGroup;
			children = (
				B87F75B822C7BF0C000176BB /* RoomInside.storyboard */,
			);
			path = Storyboard;
			sourceTree = "<group>";
		};
		B87F75BC22C7D449000176BB /* View */ = {
			isa = PBXGroup;
			children = (
				B87F75BD22C7D469000176BB /* ProfileCell.swift */,
			);
			path = View;
			sourceTree = "<group>";
		};
		B87F75BF22C7DF0D000176BB /* Common */ = {
			isa = PBXGroup;
			children = (
				B87F75C022C7DF2A000176BB /* CircleView.swift */,
				D9FF78DE22D6E59B00AF6DC3 /* Enum */,
			);
			path = Common;
			sourceTree = "<group>";
		};
		D90DF01622C7FCE7001D4956 /* RoomOwner */ = {
			isa = PBXGroup;
			children = (
				D90DF01722C7FCE8001D4956 /* Storyboard */,
				D90DF01922C7FCE8001D4956 /* ViewController */,
			);
			path = RoomOwner;
			sourceTree = "<group>";
		};
		D90DF01722C7FCE8001D4956 /* Storyboard */ = {
			isa = PBXGroup;
			children = (
				D90DF01822C7FCE8001D4956 /* MakeRoom.storyboard */,
			);
			path = Storyboard;
			sourceTree = "<group>";
		};
		D90DF01922C7FCE8001D4956 /* ViewController */ = {
			isa = PBXGroup;
			children = (
				D90DF01A22C7FCE8001D4956 /* MakeRoomViewController.swift */,
				D9FF78E122D6E5B500AF6DC3 /* MakeRoomFinishViewController.swift */,
			);
			path = ViewController;
			sourceTree = "<group>";
		};
		D9FF78DE22D6E59B00AF6DC3 /* Enum */ = {
			isa = PBXGroup;
			children = (
				D9FF78DF22D6E59B00AF6DC3 /* DaysButtonEnum.swift */,
			);
			path = Enum;
			sourceTree = "<group>";
		};
/* End PBXGroup section */

/* Begin PBXNativeTarget section */
		3B20E7A322BCCE7A0043C929 /* Frienitto */ = {
			isa = PBXNativeTarget;
			buildConfigurationList = 3B20E7B622BCCE7B0043C929 /* Build configuration list for PBXNativeTarget "Frienitto" */;
			buildPhases = (
				7FAFB11B28EF88592917AFEA /* [CP] Check Pods Manifest.lock */,
				3B20E7A022BCCE7A0043C929 /* Sources */,
				3B20E7A122BCCE7A0043C929 /* Frameworks */,
				3B20E7A222BCCE7A0043C929 /* Resources */,
				E9B59251521E30FD480458C4 /* [CP] Embed Pods Frameworks */,
			);
			buildRules = (
			);
			dependencies = (
			);
			name = Frienitto;
			productName = Frienitto;
			productReference = 3B20E7A422BCCE7A0043C929 /* Frienitto.app */;
			productType = "com.apple.product-type.application";
		};
/* End PBXNativeTarget section */

/* Begin PBXProject section */
		3B20E79C22BCCE7A0043C929 /* Project object */ = {
			isa = PBXProject;
			attributes = {
				LastSwiftUpdateCheck = 1020;
				LastUpgradeCheck = 1020;
				ORGANIZATIONNAME = "Mash-Up";
				TargetAttributes = {
					3B20E7A322BCCE7A0043C929 = {
						CreatedOnToolsVersion = 10.2.1;
					};
				};
			};
			buildConfigurationList = 3B20E79F22BCCE7A0043C929 /* Build configuration list for PBXProject "Frienitto" */;
			compatibilityVersion = "Xcode 9.3";
			developmentRegion = en;
			hasScannedForEncodings = 0;
			knownRegions = (
				en,
				Base,
			);
			mainGroup = 3B20E79B22BCCE7A0043C929;
			productRefGroup = 3B20E7A522BCCE7A0043C929 /* Products */;
			projectDirPath = "";
			projectRoot = "";
			targets = (
				3B20E7A322BCCE7A0043C929 /* Frienitto */,
			);
		};
/* End PBXProject section */

/* Begin PBXResourcesBuildPhase section */
		3B20E7A222BCCE7A0043C929 /* Resources */ = {
			isa = PBXResourcesBuildPhase;
			buildActionMask = 2147483647;
			files = (
				3B8E9A8A22C7682A00923678 /* Login.storyboard in Resources */,
				3B20E7B222BCCE7B0043C929 /* LaunchScreen.storyboard in Resources */,
				B87F75B322C7B3AB000176BB /* Colors.xcassets in Resources */,
				D90DF01B22C7FCE8001D4956 /* MakeRoom.storyboard in Resources */,
				B87F75B922C7BF0C000176BB /* RoomInside.storyboard in Resources */,
				3B20E7AF22BCCE7B0043C929 /* Assets.xcassets in Resources */,
				D90DF01E22C7FD4D001D4956 /* Assets.xcassets in Resources */,
				3B20E7AD22BCCE7A0043C929 /* Main.storyboard in Resources */,
			);
			runOnlyForDeploymentPostprocessing = 0;
		};
/* End PBXResourcesBuildPhase section */

/* Begin PBXShellScriptBuildPhase section */
		7FAFB11B28EF88592917AFEA /* [CP] Check Pods Manifest.lock */ = {
			isa = PBXShellScriptBuildPhase;
			buildActionMask = 2147483647;
			files = (
			);
			inputFileListPaths = (
			);
			inputPaths = (
				"${PODS_PODFILE_DIR_PATH}/Podfile.lock",
				"${PODS_ROOT}/Manifest.lock",
			);
			name = "[CP] Check Pods Manifest.lock";
			outputFileListPaths = (
			);
			outputPaths = (
				"$(DERIVED_FILE_DIR)/Pods-Frienitto-checkManifestLockResult.txt",
			);
			runOnlyForDeploymentPostprocessing = 0;
			shellPath = /bin/sh;
			shellScript = "diff \"${PODS_PODFILE_DIR_PATH}/Podfile.lock\" \"${PODS_ROOT}/Manifest.lock\" > /dev/null\nif [ $? != 0 ] ; then\n    # print error to STDERR\n    echo \"error: The sandbox is not in sync with the Podfile.lock. Run 'pod install' or update your CocoaPods installation.\" >&2\n    exit 1\nfi\n# This output is used by Xcode 'outputs' to avoid re-running this script phase.\necho \"SUCCESS\" > \"${SCRIPT_OUTPUT_FILE_0}\"\n";
			showEnvVarsInLog = 0;
		};
		E9B59251521E30FD480458C4 /* [CP] Embed Pods Frameworks */ = {
			isa = PBXShellScriptBuildPhase;
			buildActionMask = 2147483647;
			files = (
			);
			inputFileListPaths = (
				"${PODS_ROOT}/Target Support Files/Pods-Frienitto/Pods-Frienitto-frameworks-${CONFIGURATION}-input-files.xcfilelist",
			);
			name = "[CP] Embed Pods Frameworks";
			outputFileListPaths = (
				"${PODS_ROOT}/Target Support Files/Pods-Frienitto/Pods-Frienitto-frameworks-${CONFIGURATION}-output-files.xcfilelist",
			);
			runOnlyForDeploymentPostprocessing = 0;
			shellPath = /bin/sh;
			shellScript = "\"${PODS_ROOT}/Target Support Files/Pods-Frienitto/Pods-Frienitto-frameworks.sh\"\n";
			showEnvVarsInLog = 0;
		};
/* End PBXShellScriptBuildPhase section */

/* Begin PBXSourcesBuildPhase section */
		3B20E7A022BCCE7A0043C929 /* Sources */ = {
			isa = PBXSourcesBuildPhase;
			buildActionMask = 2147483647;
			files = (
				3BE1C10B22C7CBAF001BF37F /* AuthCodeModel.swift in Sources */,
				3BE1C10D22C7CF75001BF37F /* SignInAuthViewController.swift in Sources */,
				3B3D77D322C7E04A00FA8871 /* CommonAlertViewController.swift in Sources */,
				B8C94E4A22D8272500E9B64A /* SignUpModel.swift in Sources */,
				B8C94E5322D8595000E9B64A /* JoinRoomModel.swift in Sources */,
				B8C94E5022D856A000E9B64A /* RoomEnterViewController.swift in Sources */,
				B87F75BB22C7C2B2000176BB /* PeopleMatchViewController.swift in Sources */,
				D90DF01522C7FCB7001D4956 /* MainViewController.swift in Sources */,
				B87F75CD22C80D81000176BB /* SignUpCompleteViewController.swift in Sources */,
				3B20E7A822BCCE7A0043C929 /* AppDelegate.swift in Sources */,
				D9FF78E222D6E5B500AF6DC3 /* MakeRoomFinishViewController.swift in Sources */,
				3B20E7BE22BCCF2C0043C929 /* View+Stroyboard.swift in Sources */,
				B87F75C522C7EC66000176BB /* DimmedProfileViewController.swift in Sources */,
				D90DF01C22C7FCE8001D4956 /* MakeRoomViewController.swift in Sources */,
				B87F75A222C75521000176BB /* FrienttoService.swift in Sources */,
				D9FF78E022D6E59B00AF6DC3 /* DaysButtonEnum.swift in Sources */,
				B8C94E4C22D82D5800E9B64A /* SignInModel.swift in Sources */,
				3BE1C10622C7C5C2001BF37F /* LoginViewController.swift in Sources */,
				B87F75BE22C7D469000176BB /* ProfileCell.swift in Sources */,
				3B20E7C022BCCFBE0043C929 /* UIStoryboard+Instantiate.swift in Sources */,
				B87F75CB22C8041D000176BB /* SignUpViewController.swift in Sources */,
				3BE1C10922C7CB4F001BF37F /* IssueCodeModel.swift in Sources */,
				B87F75C722C7F0A9000176BB /* User.swift in Sources */,
				3BB6B75322C7B43400BB5156 /* LoginSignViewController.swift in Sources */,
				B87F75A422C769C0000176BB /* FrienttoProvider.swift in Sources */,
				B87F75C122C7DF2A000176BB /* CircleView.swift in Sources */,
			);
			runOnlyForDeploymentPostprocessing = 0;
		};
/* End PBXSourcesBuildPhase section */

/* Begin PBXVariantGroup section */
		3B20E7AB22BCCE7A0043C929 /* Main.storyboard */ = {
			isa = PBXVariantGroup;
			children = (
				3B20E7AC22BCCE7A0043C929 /* Base */,
			);
			name = Main.storyboard;
			sourceTree = "<group>";
		};
		3B20E7B022BCCE7B0043C929 /* LaunchScreen.storyboard */ = {
			isa = PBXVariantGroup;
			children = (
				3B20E7B122BCCE7B0043C929 /* Base */,
			);
			name = LaunchScreen.storyboard;
			sourceTree = "<group>";
		};
/* End PBXVariantGroup section */

/* Begin XCBuildConfiguration section */
		3B20E7B422BCCE7B0043C929 /* Debug */ = {
			isa = XCBuildConfiguration;
			buildSettings = {
				ALWAYS_SEARCH_USER_PATHS = NO;
				CLANG_ANALYZER_NONNULL = YES;
				CLANG_ANALYZER_NUMBER_OBJECT_CONVERSION = YES_AGGRESSIVE;
				CLANG_CXX_LANGUAGE_STANDARD = "gnu++14";
				CLANG_CXX_LIBRARY = "libc++";
				CLANG_ENABLE_MODULES = YES;
				CLANG_ENABLE_OBJC_ARC = YES;
				CLANG_ENABLE_OBJC_WEAK = YES;
				CLANG_WARN_BLOCK_CAPTURE_AUTORELEASING = YES;
				CLANG_WARN_BOOL_CONVERSION = YES;
				CLANG_WARN_COMMA = YES;
				CLANG_WARN_CONSTANT_CONVERSION = YES;
				CLANG_WARN_DEPRECATED_OBJC_IMPLEMENTATIONS = YES;
				CLANG_WARN_DIRECT_OBJC_ISA_USAGE = YES_ERROR;
				CLANG_WARN_DOCUMENTATION_COMMENTS = YES;
				CLANG_WARN_EMPTY_BODY = YES;
				CLANG_WARN_ENUM_CONVERSION = YES;
				CLANG_WARN_INFINITE_RECURSION = YES;
				CLANG_WARN_INT_CONVERSION = YES;
				CLANG_WARN_NON_LITERAL_NULL_CONVERSION = YES;
				CLANG_WARN_OBJC_IMPLICIT_RETAIN_SELF = YES;
				CLANG_WARN_OBJC_LITERAL_CONVERSION = YES;
				CLANG_WARN_OBJC_ROOT_CLASS = YES_ERROR;
				CLANG_WARN_RANGE_LOOP_ANALYSIS = YES;
				CLANG_WARN_STRICT_PROTOTYPES = YES;
				CLANG_WARN_SUSPICIOUS_MOVE = YES;
				CLANG_WARN_UNGUARDED_AVAILABILITY = YES_AGGRESSIVE;
				CLANG_WARN_UNREACHABLE_CODE = YES;
				CLANG_WARN__DUPLICATE_METHOD_MATCH = YES;
				CODE_SIGN_IDENTITY = "iPhone Developer";
				COPY_PHASE_STRIP = NO;
				DEBUG_INFORMATION_FORMAT = dwarf;
				ENABLE_STRICT_OBJC_MSGSEND = YES;
				ENABLE_TESTABILITY = YES;
				GCC_C_LANGUAGE_STANDARD = gnu11;
				GCC_DYNAMIC_NO_PIC = NO;
				GCC_NO_COMMON_BLOCKS = YES;
				GCC_OPTIMIZATION_LEVEL = 0;
				GCC_PREPROCESSOR_DEFINITIONS = (
					"DEBUG=1",
					"$(inherited)",
				);
				GCC_WARN_64_TO_32_BIT_CONVERSION = YES;
				GCC_WARN_ABOUT_RETURN_TYPE = YES_ERROR;
				GCC_WARN_UNDECLARED_SELECTOR = YES;
				GCC_WARN_UNINITIALIZED_AUTOS = YES_AGGRESSIVE;
				GCC_WARN_UNUSED_FUNCTION = YES;
				GCC_WARN_UNUSED_VARIABLE = YES;
				IPHONEOS_DEPLOYMENT_TARGET = 12.2;
				MTL_ENABLE_DEBUG_INFO = INCLUDE_SOURCE;
				MTL_FAST_MATH = YES;
				ONLY_ACTIVE_ARCH = YES;
				SDKROOT = iphoneos;
				SWIFT_ACTIVE_COMPILATION_CONDITIONS = DEBUG;
				SWIFT_OPTIMIZATION_LEVEL = "-Onone";
			};
			name = Debug;
		};
		3B20E7B522BCCE7B0043C929 /* Release */ = {
			isa = XCBuildConfiguration;
			buildSettings = {
				ALWAYS_SEARCH_USER_PATHS = NO;
				CLANG_ANALYZER_NONNULL = YES;
				CLANG_ANALYZER_NUMBER_OBJECT_CONVERSION = YES_AGGRESSIVE;
				CLANG_CXX_LANGUAGE_STANDARD = "gnu++14";
				CLANG_CXX_LIBRARY = "libc++";
				CLANG_ENABLE_MODULES = YES;
				CLANG_ENABLE_OBJC_ARC = YES;
				CLANG_ENABLE_OBJC_WEAK = YES;
				CLANG_WARN_BLOCK_CAPTURE_AUTORELEASING = YES;
				CLANG_WARN_BOOL_CONVERSION = YES;
				CLANG_WARN_COMMA = YES;
				CLANG_WARN_CONSTANT_CONVERSION = YES;
				CLANG_WARN_DEPRECATED_OBJC_IMPLEMENTATIONS = YES;
				CLANG_WARN_DIRECT_OBJC_ISA_USAGE = YES_ERROR;
				CLANG_WARN_DOCUMENTATION_COMMENTS = YES;
				CLANG_WARN_EMPTY_BODY = YES;
				CLANG_WARN_ENUM_CONVERSION = YES;
				CLANG_WARN_INFINITE_RECURSION = YES;
				CLANG_WARN_INT_CONVERSION = YES;
				CLANG_WARN_NON_LITERAL_NULL_CONVERSION = YES;
				CLANG_WARN_OBJC_IMPLICIT_RETAIN_SELF = YES;
				CLANG_WARN_OBJC_LITERAL_CONVERSION = YES;
				CLANG_WARN_OBJC_ROOT_CLASS = YES_ERROR;
				CLANG_WARN_RANGE_LOOP_ANALYSIS = YES;
				CLANG_WARN_STRICT_PROTOTYPES = YES;
				CLANG_WARN_SUSPICIOUS_MOVE = YES;
				CLANG_WARN_UNGUARDED_AVAILABILITY = YES_AGGRESSIVE;
				CLANG_WARN_UNREACHABLE_CODE = YES;
				CLANG_WARN__DUPLICATE_METHOD_MATCH = YES;
				CODE_SIGN_IDENTITY = "iPhone Developer";
				COPY_PHASE_STRIP = NO;
				DEBUG_INFORMATION_FORMAT = "dwarf-with-dsym";
				ENABLE_NS_ASSERTIONS = NO;
				ENABLE_STRICT_OBJC_MSGSEND = YES;
				GCC_C_LANGUAGE_STANDARD = gnu11;
				GCC_NO_COMMON_BLOCKS = YES;
				GCC_WARN_64_TO_32_BIT_CONVERSION = YES;
				GCC_WARN_ABOUT_RETURN_TYPE = YES_ERROR;
				GCC_WARN_UNDECLARED_SELECTOR = YES;
				GCC_WARN_UNINITIALIZED_AUTOS = YES_AGGRESSIVE;
				GCC_WARN_UNUSED_FUNCTION = YES;
				GCC_WARN_UNUSED_VARIABLE = YES;
				IPHONEOS_DEPLOYMENT_TARGET = 12.2;
				MTL_ENABLE_DEBUG_INFO = NO;
				MTL_FAST_MATH = YES;
				SDKROOT = iphoneos;
				SWIFT_COMPILATION_MODE = wholemodule;
				SWIFT_OPTIMIZATION_LEVEL = "-O";
				VALIDATE_PRODUCT = YES;
			};
			name = Release;
		};
		3B20E7B722BCCE7B0043C929 /* Debug */ = {
			isa = XCBuildConfiguration;
			baseConfigurationReference = 459141520A9FDA0C60F96994 /* Pods-Frienitto.debug.xcconfig */;
			buildSettings = {
				ASSETCATALOG_COMPILER_APPICON_NAME = AppIcon;
				CODE_SIGN_STYLE = Automatic;
				DEVELOPMENT_TEAM = "";
				INFOPLIST_FILE = "$(SRCROOT)/Frienitto/Resources/Info.plist";
				LD_RUNPATH_SEARCH_PATHS = (
					"$(inherited)",
					"@executable_path/Frameworks",
				);
				PRODUCT_BUNDLE_IDENTIFIER = "com.Mash-Up.Frienitto";
				PRODUCT_NAME = "$(TARGET_NAME)";
				SWIFT_VERSION = 5.0;
				TARGETED_DEVICE_FAMILY = "1,2";
			};
			name = Debug;
		};
		3B20E7B822BCCE7B0043C929 /* Release */ = {
			isa = XCBuildConfiguration;
			baseConfigurationReference = 71173221788FACFDBC2541EA /* Pods-Frienitto.release.xcconfig */;
			buildSettings = {
				ASSETCATALOG_COMPILER_APPICON_NAME = AppIcon;
				CODE_SIGN_STYLE = Automatic;
				DEVELOPMENT_TEAM = "";
				INFOPLIST_FILE = "$(SRCROOT)/Frienitto/Resources/Info.plist";
				LD_RUNPATH_SEARCH_PATHS = (
					"$(inherited)",
					"@executable_path/Frameworks",
				);
				PRODUCT_BUNDLE_IDENTIFIER = "com.Mash-Up.Frienitto";
				PRODUCT_NAME = "$(TARGET_NAME)";
				SWIFT_VERSION = 5.0;
				TARGETED_DEVICE_FAMILY = "1,2";
			};
			name = Release;
		};
/* End XCBuildConfiguration section */

/* Begin XCConfigurationList section */
		3B20E79F22BCCE7A0043C929 /* Build configuration list for PBXProject "Frienitto" */ = {
			isa = XCConfigurationList;
			buildConfigurations = (
				3B20E7B422BCCE7B0043C929 /* Debug */,
				3B20E7B522BCCE7B0043C929 /* Release */,
			);
			defaultConfigurationIsVisible = 0;
			defaultConfigurationName = Release;
		};
		3B20E7B622BCCE7B0043C929 /* Build configuration list for PBXNativeTarget "Frienitto" */ = {
			isa = XCConfigurationList;
			buildConfigurations = (
				3B20E7B722BCCE7B0043C929 /* Debug */,
				3B20E7B822BCCE7B0043C929 /* Release */,
			);
			defaultConfigurationIsVisible = 0;
			defaultConfigurationName = Release;
		};
/* End XCConfigurationList section */
	};
	rootObject = 3B20E79C22BCCE7A0043C929 /* Project object */;
}
